// !$*UTF8*$!
{
	archiveVersion = 1;
	classes = {
	};
	objectVersion = 55;
	objects = {

/* Begin PBXBuildFile section */
		02755FF6B45CE4C09185E050 /* Pods_GitHubPRApp.framework in Frameworks */ = {isa = PBXBuildFile; fileRef = E6C0C2D01652F3F5C61B59E0 /* Pods_GitHubPRApp.framework */; };
		C12C323627C24CE900286CFB /* GitHubPRAppApp.swift in Sources */ = {isa = PBXBuildFile; fileRef = C12C323527C24CE900286CFB /* GitHubPRAppApp.swift */; };
		C12C323827C24CE900286CFB /* ContentView.swift in Sources */ = {isa = PBXBuildFile; fileRef = C12C323727C24CE900286CFB /* ContentView.swift */; };
		C12C323A27C24CEC00286CFB /* Assets.xcassets in Resources */ = {isa = PBXBuildFile; fileRef = C12C323927C24CEC00286CFB /* Assets.xcassets */; };
		C12C323D27C24CEC00286CFB /* Preview Assets.xcassets in Resources */ = {isa = PBXBuildFile; fileRef = C12C323C27C24CEC00286CFB /* Preview Assets.xcassets */; };
		C12C324427C2525F00286CFB /* PRFetcher.swift in Sources */ = {isa = PBXBuildFile; fileRef = C12C324327C2525F00286CFB /* PRFetcher.swift */; };
		C12C324627C5254900286CFB /* PRModel.swift in Sources */ = {isa = PBXBuildFile; fileRef = C12C324527C5254900286CFB /* PRModel.swift */; };
/* End PBXBuildFile section */

/* Begin PBXFileReference section */
		169C63AC98519CABC9835BA8 /* Pods-GitHubPRApp.debug.xcconfig */ = {isa = PBXFileReference; includeInIndex = 1; lastKnownFileType = text.xcconfig; name = "Pods-GitHubPRApp.debug.xcconfig"; path = "Target Support Files/Pods-GitHubPRApp/Pods-GitHubPRApp.debug.xcconfig"; sourceTree = "<group>"; };
		47D5DEE243E613D8779A00FA /* Pods-GitHubPRApp.release.xcconfig */ = {isa = PBXFileReference; includeInIndex = 1; lastKnownFileType = text.xcconfig; name = "Pods-GitHubPRApp.release.xcconfig"; path = "Target Support Files/Pods-GitHubPRApp/Pods-GitHubPRApp.release.xcconfig"; sourceTree = "<group>"; };
		C12C323227C24CE900286CFB /* GitHubPRApp.app */ = {isa = PBXFileReference; explicitFileType = wrapper.application; includeInIndex = 0; path = GitHubPRApp.app; sourceTree = BUILT_PRODUCTS_DIR; };
		C12C323527C24CE900286CFB /* GitHubPRAppApp.swift */ = {isa = PBXFileReference; lastKnownFileType = sourcecode.swift; path = GitHubPRAppApp.swift; sourceTree = "<group>"; };
		C12C323727C24CE900286CFB /* ContentView.swift */ = {isa = PBXFileReference; lastKnownFileType = sourcecode.swift; path = ContentView.swift; sourceTree = "<group>"; };
		C12C323927C24CEC00286CFB /* Assets.xcassets */ = {isa = PBXFileReference; lastKnownFileType = folder.assetcatalog; path = Assets.xcassets; sourceTree = "<group>"; };
		C12C323C27C24CEC00286CFB /* Preview Assets.xcassets */ = {isa = PBXFileReference; lastKnownFileType = folder.assetcatalog; path = "Preview Assets.xcassets"; sourceTree = "<group>"; };
		C12C324327C2525F00286CFB /* PRFetcher.swift */ = {isa = PBXFileReference; lastKnownFileType = sourcecode.swift; path = PRFetcher.swift; sourceTree = "<group>"; };
		C12C324527C5254900286CFB /* PRModel.swift */ = {isa = PBXFileReference; lastKnownFileType = sourcecode.swift; path = PRModel.swift; sourceTree = "<group>"; };
		E6C0C2D01652F3F5C61B59E0 /* Pods_GitHubPRApp.framework */ = {isa = PBXFileReference; explicitFileType = wrapper.framework; includeInIndex = 0; path = Pods_GitHubPRApp.framework; sourceTree = BUILT_PRODUCTS_DIR; };
/* End PBXFileReference section */

/* Begin PBXFrameworksBuildPhase section */
		C12C322F27C24CE900286CFB /* Frameworks */ = {
			isa = PBXFrameworksBuildPhase;
			buildActionMask = 2147483647;
			files = (
				02755FF6B45CE4C09185E050 /* Pods_GitHubPRApp.framework in Frameworks */,
			);
			runOnlyForDeploymentPostprocessing = 0;
		};
/* End PBXFrameworksBuildPhase section */

/* Begin PBXGroup section */
		0B3AB516B1FE513D6636577C /* Frameworks */ = {
			isa = PBXGroup;
			children = (
				E6C0C2D01652F3F5C61B59E0 /* Pods_GitHubPRApp.framework */,
			);
			name = Frameworks;
			sourceTree = "<group>";
		};
		A76BCF011F8E5D48C6B1283E /* Pods */ = {
			isa = PBXGroup;
			children = (
				169C63AC98519CABC9835BA8 /* Pods-GitHubPRApp.debug.xcconfig */,
				47D5DEE243E613D8779A00FA /* Pods-GitHubPRApp.release.xcconfig */,
			);
			path = Pods;
			sourceTree = "<group>";
		};
		C12C322927C24CE900286CFB = {
			isa = PBXGroup;
			children = (
				C12C323427C24CE900286CFB /* GitHubPRApp */,
				C12C323327C24CE900286CFB /* Products */,
				A76BCF011F8E5D48C6B1283E /* Pods */,
				0B3AB516B1FE513D6636577C /* Frameworks */,
			);
			sourceTree = "<group>";
		};
		C12C323327C24CE900286CFB /* Products */ = {
			isa = PBXGroup;
			children = (
				C12C323227C24CE900286CFB /* GitHubPRApp.app */,
			);
			name = Products;
			sourceTree = "<group>";
		};
		C12C323427C24CE900286CFB /* GitHubPRApp */ = {
			isa = PBXGroup;
			children = (
				C12C323527C24CE900286CFB /* GitHubPRAppApp.swift */,
				C12C323727C24CE900286CFB /* ContentView.swift */,
				C12C323927C24CEC00286CFB /* Assets.xcassets */,
				C12C323B27C24CEC00286CFB /* Preview Content */,
				C12C324327C2525F00286CFB /* PRFetcher.swift */,
				C12C324527C5254900286CFB /* PRModel.swift */,
			);
			path = GitHubPRApp;
			sourceTree = "<group>";
		};
		C12C323B27C24CEC00286CFB /* Preview Content */ = {
			isa = PBXGroup;
			children = (
				C12C323C27C24CEC00286CFB /* Preview Assets.xcassets */,
			);
			path = "Preview Content";
			sourceTree = "<group>";
		};
/* End PBXGroup section */

/* Begin PBXNativeTarget section */
		C12C323127C24CE900286CFB /* GitHubPRApp */ = {
			isa = PBXNativeTarget;
			buildConfigurationList = C12C324027C24CEC00286CFB /* Build configuration list for PBXNativeTarget "GitHubPRApp" */;
			buildPhases = (
				C0458194A5EC5FA6F7018156 /* [CP] Check Pods Manifest.lock */,
				C12C322E27C24CE900286CFB /* Sources */,
				C12C322F27C24CE900286CFB /* Frameworks */,
				C12C323027C24CE900286CFB /* Resources */,
				BC203EFE9902B53A6CAFA682 /* [CP] Embed Pods Frameworks */,
			);
			buildRules = (
			);
			dependencies = (
			);
			name = GitHubPRApp;
			productName = GitHubPRApp;
			productReference = C12C323227C24CE900286CFB /* GitHubPRApp.app */;
			productType = "com.apple.product-type.application";
		};
/* End PBXNativeTarget section */

/* Begin PBXProject section */
		C12C322A27C24CE900286CFB /* Project object */ = {
			isa = PBXProject;
			attributes = {
				BuildIndependentTargetsInParallel = 1;
				LastSwiftUpdateCheck = 1320;
				LastUpgradeCheck = 1320;
				TargetAttributes = {
					C12C323127C24CE900286CFB = {
						CreatedOnToolsVersion = 13.2.1;
					};
				};
			};
			buildConfigurationList = C12C322D27C24CE900286CFB /* Build configuration list for PBXProject "GitHubPRApp" */;
			compatibilityVersion = "Xcode 13.0";
			developmentRegion = en;
			hasScannedForEncodings = 0;
			knownRegions = (
				en,
				Base,
			);
			mainGroup = C12C322927C24CE900286CFB;
			productRefGroup = C12C323327C24CE900286CFB /* Products */;
			projectDirPath = "";
			projectRoot = "";
			targets = (
				C12C323127C24CE900286CFB /* GitHubPRApp */,
			);
		};
/* End PBXProject section */

/* Begin PBXResourcesBuildPhase section */
		C12C323027C24CE900286CFB /* Resources */ = {
			isa = PBXResourcesBuildPhase;
			buildActionMask = 2147483647;
			files = (
				C12C323D27C24CEC00286CFB /* Preview Assets.xcassets in Resources */,
				C12C323A27C24CEC00286CFB /* Assets.xcassets in Resources */,
			);
			runOnlyForDeploymentPostprocessing = 0;
		};
/* End PBXResourcesBuildPhase section */

/* Begin PBXShellScriptBuildPhase section */
		BC203EFE9902B53A6CAFA682 /* [CP] Embed Pods Frameworks */ = {
			isa = PBXShellScriptBuildPhase;
			buildActionMask = 2147483647;
			files = (
			);
			inputFileListPaths = (
				"${PODS_ROOT}/Target Support Files/Pods-GitHubPRApp/Pods-GitHubPRApp-frameworks-${CONFIGURATION}-input-files.xcfilelist",
			);
			name = "[CP] Embed Pods Frameworks";
			outputFileListPaths = (
				"${PODS_ROOT}/Target Support Files/Pods-GitHubPRApp/Pods-GitHubPRApp-frameworks-${CONFIGURATION}-output-files.xcfilelist",
			);
			runOnlyForDeploymentPostprocessing = 0;
			shellPath = /bin/sh;
			shellScript = "\"${PODS_ROOT}/Target Support Files/Pods-GitHubPRApp/Pods-GitHubPRApp-frameworks.sh\"\n";
			showEnvVarsInLog = 0;
		};
		C0458194A5EC5FA6F7018156 /* [CP] Check Pods Manifest.lock */ = {
			isa = PBXShellScriptBuildPhase;
			buildActionMask = 2147483647;
			files = (
			);
			inputFileListPaths = (
			);
			inputPaths = (
				"${PODS_PODFILE_DIR_PATH}/Podfile.lock",
				"${PODS_ROOT}/Manifest.lock",
			);
			name = "[CP] Check Pods Manifest.lock";
			outputFileListPaths = (
			);
			outputPaths = (
				"$(DERIVED_FILE_DIR)/Pods-GitHubPRApp-checkManifestLockResult.txt",
			);
			runOnlyForDeploymentPostprocessing = 0;
			shellPath = /bin/sh;
			shellScript = "diff \"${PODS_PODFILE_DIR_PATH}/Podfile.lock\" \"${PODS_ROOT}/Manifest.lock\" > /dev/null\nif [ $? != 0 ] ; then\n    # print error to STDERR\n    echo \"error: The sandbox is not in sync with the Podfile.lock. Run 'pod install' or update your CocoaPods installation.\" >&2\n    exit 1\nfi\n# This output is used by Xcode 'outputs' to avoid re-running this script phase.\necho \"SUCCESS\" > \"${SCRIPT_OUTPUT_FILE_0}\"\n";
			showEnvVarsInLog = 0;
		};
/* End PBXShellScriptBuildPhase section */

/* Begin PBXSourcesBuildPhase section */
		C12C322E27C24CE900286CFB /* Sources */ = {
			isa = PBXSourcesBuildPhase;
			buildActionMask = 2147483647;
			files = (
				C12C323827C24CE900286CFB /* ContentView.swift in Sources */,
				C12C324427C2525F00286CFB /* PRFetcher.swift in Sources */,
				C12C323627C24CE900286CFB /* GitHubPRAppApp.swift in Sources */,
				C12C324627C5254900286CFB /* PRModel.swift in Sources */,
			);
			runOnlyForDeploymentPostprocessing = 0;
		};
/* End PBXSourcesBuildPhase section */

/* Begin XCBuildConfiguration section */
		C12C323E27C24CEC00286CFB /* Debug */ = {
			isa = XCBuildConfiguration;
			buildSettings = {
				ALWAYS_SEARCH_USER_PATHS = NO;
				CLANG_ANALYZER_NONNULL = YES;
				CLANG_ANALYZER_NUMBER_OBJECT_CONVERSION = YES_AGGRESSIVE;
				CLANG_CXX_LANGUAGE_STANDARD = "gnu++17";
				CLANG_CXX_LIBRARY = "libc++";
				CLANG_ENABLE_MODULES = YES;
				CLANG_ENABLE_OBJC_ARC = YES;
				CLANG_ENABLE_OBJC_WEAK = YES;
				CLANG_WARN_BLOCK_CAPTURE_AUTORELEASING = YES;
				CLANG_WARN_BOOL_CONVERSION = YES;
				CLANG_WARN_COMMA = YES;
				CLANG_WARN_CONSTANT_CONVERSION = YES;
				CLANG_WARN_DEPRECATED_OBJC_IMPLEMENTATIONS = YES;
				CLANG_WARN_DIRECT_OBJC_ISA_USAGE = YES_ERROR;
				CLANG_WARN_DOCUMENTATION_COMMENTS = YES;
				CLANG_WARN_EMPTY_BODY = YES;
				CLANG_WARN_ENUM_CONVERSION = YES;
				CLANG_WARN_INFINITE_RECURSION = YES;
				CLANG_WARN_INT_CONVERSION = YES;
				CLANG_WARN_NON_LITERAL_NULL_CONVERSION = YES;
				CLANG_WARN_OBJC_IMPLICIT_RETAIN_SELF = YES;
				CLANG_WARN_OBJC_LITERAL_CONVERSION = YES;
				CLANG_WARN_OBJC_ROOT_CLASS = YES_ERROR;
				CLANG_WARN_QUOTED_INCLUDE_IN_FRAMEWORK_HEADER = YES;
				CLANG_WARN_RANGE_LOOP_ANALYSIS = YES;
				CLANG_WARN_STRICT_PROTOTYPES = YES;
				CLANG_WARN_SUSPICIOUS_MOVE = YES;
				CLANG_WARN_UNGUARDED_AVAILABILITY = YES_AGGRESSIVE;
				CLANG_WARN_UNREACHABLE_CODE = YES;
				CLANG_WARN__DUPLICATE_METHOD_MATCH = YES;
				COPY_PHASE_STRIP = NO;
				DEBUG_INFORMATION_FORMAT = dwarf;
				ENABLE_STRICT_OBJC_MSGSEND = YES;
				ENABLE_TESTABILITY = YES;
				GCC_C_LANGUAGE_STANDARD = gnu11;
				GCC_DYNAMIC_NO_PIC = NO;
				GCC_NO_COMMON_BLOCKS = YES;
				GCC_OPTIMIZATION_LEVEL = 0;
				GCC_PREPROCESSOR_DEFINITIONS = (
					"DEBUG=1",
					"$(inherited)",
				);
				GCC_WARN_64_TO_32_BIT_CONVERSION = YES;
				GCC_WARN_ABOUT_RETURN_TYPE = YES_ERROR;
				GCC_WARN_UNDECLARED_SELECTOR = YES;
				GCC_WARN_UNINITIALIZED_AUTOS = YES_AGGRESSIVE;
				GCC_WARN_UNUSED_FUNCTION = YES;
				GCC_WARN_UNUSED_VARIABLE = YES;
				IPHONEOS_DEPLOYMENT_TARGET = 15.2;
				MTL_ENABLE_DEBUG_INFO = INCLUDE_SOURCE;
				MTL_FAST_MATH = YES;
				ONLY_ACTIVE_ARCH = YES;
				SDKROOT = iphoneos;
				SWIFT_ACTIVE_COMPILATION_CONDITIONS = DEBUG;
				SWIFT_OPTIMIZATION_LEVEL = "-Onone";
			};
			name = Debug;
		};
		C12C323F27C24CEC00286CFB /* Release */ = {
			isa = XCBuildConfiguration;
			buildSettings = {
				ALWAYS_SEARCH_USER_PATHS = NO;
				CLANG_ANALYZER_NONNULL = YES;
				CLANG_ANALYZER_NUMBER_OBJECT_CONVERSION = YES_AGGRESSIVE;
				CLANG_CXX_LANGUAGE_STANDARD = "gnu++17";
				CLANG_CXX_LIBRARY = "libc++";
				CLANG_ENABLE_MODULES = YES;
				CLANG_ENABLE_OBJC_ARC = YES;
				CLANG_ENABLE_OBJC_WEAK = YES;
				CLANG_WARN_BLOCK_CAPTURE_AUTORELEASING = YES;
				CLANG_WARN_BOOL_CONVERSION = YES;
				CLANG_WARN_COMMA = YES;
				CLANG_WARN_CONSTANT_CONVERSION = YES;
				CLANG_WARN_DEPRECATED_OBJC_IMPLEMENTATIONS = YES;
				CLANG_WARN_DIRECT_OBJC_ISA_USAGE = YES_ERROR;
				CLANG_WARN_DOCUMENTATION_COMMENTS = YES;
				CLANG_WARN_EMPTY_BODY = YES;
				CLANG_WARN_ENUM_CONVERSION = YES;
				CLANG_WARN_INFINITE_RECURSION = YES;
				CLANG_WARN_INT_CONVERSION = YES;
				CLANG_WARN_NON_LITERAL_NULL_CONVERSION = YES;
				CLANG_WARN_OBJC_IMPLICIT_RETAIN_SELF = YES;
				CLANG_WARN_OBJC_LITERAL_CONVERSION = YES;
				CLANG_WARN_OBJC_ROOT_CLASS = YES_ERROR;
				CLANG_WARN_QUOTED_INCLUDE_IN_FRAMEWORK_HEADER = YES;
				CLANG_WARN_RANGE_LOOP_ANALYSIS = YES;
				CLANG_WARN_STRICT_PROTOTYPES = YES;
				CLANG_WARN_SUSPICIOUS_MOVE = YES;
				CLANG_WARN_UNGUARDED_AVAILABILITY = YES_AGGRESSIVE;
				CLANG_WARN_UNREACHABLE_CODE = YES;
				CLANG_WARN__DUPLICATE_METHOD_MATCH = YES;
				COPY_PHASE_STRIP = NO;
				DEBUG_INFORMATION_FORMAT = "dwarf-with-dsym";
				ENABLE_NS_ASSERTIONS = NO;
				ENABLE_STRICT_OBJC_MSGSEND = YES;
				GCC_C_LANGUAGE_STANDARD = gnu11;
				GCC_NO_COMMON_BLOCKS = YES;
				GCC_WARN_64_TO_32_BIT_CONVERSION = YES;
				GCC_WARN_ABOUT_RETURN_TYPE = YES_ERROR;
				GCC_WARN_UNDECLARED_SELECTOR = YES;
				GCC_WARN_UNINITIALIZED_AUTOS = YES_AGGRESSIVE;
				GCC_WARN_UNUSED_FUNCTION = YES;
				GCC_WARN_UNUSED_VARIABLE = YES;
				IPHONEOS_DEPLOYMENT_TARGET = 15.2;
				MTL_ENABLE_DEBUG_INFO = NO;
				MTL_FAST_MATH = YES;
				SDKROOT = iphoneos;
				SWIFT_COMPILATION_MODE = wholemodule;
				SWIFT_OPTIMIZATION_LEVEL = "-O";
				VALIDATE_PRODUCT = YES;
			};
			name = Release;
		};
		C12C324127C24CEC00286CFB /* Debug */ = {
			isa = XCBuildConfiguration;
			baseConfigurationReference = 169C63AC98519CABC9835BA8 /* Pods-GitHubPRApp.debug.xcconfig */;
			buildSettings = {
				ASSETCATALOG_COMPILER_APPICON_NAME = AppIcon;
				ASSETCATALOG_COMPILER_GLOBAL_ACCENT_COLOR_NAME = AccentColor;
				CODE_SIGN_STYLE = Automatic;
				CURRENT_PROJECT_VERSION = 1;
				DEVELOPMENT_ASSET_PATHS = "\"GitHubPRApp/Preview Content\"";
				ENABLE_PREVIEWS = YES;
				GENERATE_INFOPLIST_FILE = YES;
				INFOPLIST_KEY_UIApplicationSceneManifest_Generation = YES;
				INFOPLIST_KEY_UIApplicationSupportsIndirectInputEvents = YES;
				INFOPLIST_KEY_UILaunchScreen_Generation = YES;
				INFOPLIST_KEY_UISupportedInterfaceOrientations_iPad = "UIInterfaceOrientationPortrait UIInterfaceOrientationPortraitUpsideDown UIInterfaceOrientationLandscapeLeft UIInterfaceOrientationLandscapeRight";
				INFOPLIST_KEY_UISupportedInterfaceOrientations_iPhone = "UIInterfaceOrientationPortrait UIInterfaceOrientationLandscapeLeft UIInterfaceOrientationLandscapeRight";
				LD_RUNPATH_SEARCH_PATHS = (
					"$(inherited)",
					"@executable_path/Frameworks",
				);
				MARKETING_VERSION = 1.0;
				PRODUCT_BUNDLE_IDENTIFIER = com.abhishekarora.GitHubPRApp;
				PRODUCT_NAME = "$(TARGET_NAME)";
				SWIFT_EMIT_LOC_STRINGS = YES;
				SWIFT_VERSION = 5.0;
				TARGETED_DEVICE_FAMILY = "1,2";
			};
			name = Debug;
		};
		C12C324227C24CEC00286CFB /* Release */ = {
			isa = XCBuildConfiguration;
			baseConfigurationReference = 47D5DEE243E613D8779A00FA /* Pods-GitHubPRApp.release.xcconfig */;
			buildSettings = {
				ASSETCATALOG_COMPILER_APPICON_NAME = AppIcon;
				ASSETCATALOG_COMPILER_GLOBAL_ACCENT_COLOR_NAME = AccentColor;
				CODE_SIGN_STYLE = Automatic;
				CURRENT_PROJECT_VERSION = 1;
				DEVELOPMENT_ASSET_PATHS = "\"GitHubPRApp/Preview Content\"";
				ENABLE_PREVIEWS = YES;
				GENERATE_INFOPLIST_FILE = YES;
				INFOPLIST_KEY_UIApplicationSceneManifest_Generation = YES;
				INFOPLIST_KEY_UIApplicationSupportsIndirectInputEvents = YES;
				INFOPLIST_KEY_UILaunchScreen_Generation = YES;
				INFOPLIST_KEY_UISupportedInterfaceOrientations_iPad = "UIInterfaceOrientationPortrait UIInterfaceOrientationPortraitUpsideDown UIInterfaceOrientationLandscapeLeft UIInterfaceOrientationLandscapeRight";
				INFOPLIST_KEY_UISupportedInterfaceOrientations_iPhone = "UIInterfaceOrientationPortrait UIInterfaceOrientationLandscapeLeft UIInterfaceOrientationLandscapeRight";
				LD_RUNPATH_SEARCH_PATHS = (
					"$(inherited)",
					"@executable_path/Frameworks",
				);
				MARKETING_VERSION = 1.0;
				PRODUCT_BUNDLE_IDENTIFIER = com.abhishekarora.GitHubPRApp;
				PRODUCT_NAME = "$(TARGET_NAME)";
				SWIFT_EMIT_LOC_STRINGS = YES;
				SWIFT_VERSION = 5.0;
				TARGETED_DEVICE_FAMILY = "1,2";
			};
			name = Release;
		};
/* End XCBuildConfiguration section */

/* Begin XCConfigurationList section */
		C12C322D27C24CE900286CFB /* Build configuration list for PBXProject "GitHubPRApp" */ = {
			isa = XCConfigurationList;
			buildConfigurations = (
				C12C323E27C24CEC00286CFB /* Debug */,
				C12C323F27C24CEC00286CFB /* Release */,
			);
			defaultConfigurationIsVisible = 0;
			defaultConfigurationName = Release;
		};
		C12C324027C24CEC00286CFB /* Build configuration list for PBXNativeTarget "GitHubPRApp" */ = {
			isa = XCConfigurationList;
			buildConfigurations = (
				C12C324127C24CEC00286CFB /* Debug */,
				C12C324227C24CEC00286CFB /* Release */,
			);
			defaultConfigurationIsVisible = 0;
			defaultConfigurationName = Release;
		};
/* End XCConfigurationList section */
	};
	rootObject = C12C322A27C24CE900286CFB /* Project object */;
}
